// !$*UTF8*$!
{
	archiveVersion = 1;
	classes = {
	};
	objectVersion = 77;
	objects = {

/* Begin PBXBuildFile section */
		28194F9E2E5703EA00BA974E /* JUI in Frameworks */ = {isa = PBXBuildFile; productRef = 28194F9D2E5703EA00BA974E /* JUI */; };
		28194FA02E5703F800BA974E /* JResources in Frameworks */ = {isa = PBXBuildFile; productRef = 28194F9F2E5703F800BA974E /* JResources */; };
		283455342E4F3E3E00286D2C /* JKit in Frameworks */ = {isa = PBXBuildFile; productRef = 283455332E4F3E3E00286D2C /* JKit */; };
		283937AB2E44B5DD005BE09A /* RswiftLibrary in Frameworks */ = {isa = PBXBuildFile; productRef = 283937AA2E44B5DD005BE09A /* RswiftLibrary */; };
		28BDED9C2E55BAB7002D925C /* JNetwork in Frameworks */ = {isa = PBXBuildFile; productRef = 28BDED9B2E55BAB7002D925C /* JNetwork */; };
		28BDEDAF2E55C2E1002D925C /* Packages in Frameworks */ = {isa = PBXBuildFile; productRef = 28BDEDAE2E55C2E1002D925C /* Packages */; };
/* End PBXBuildFile section */

/* Begin PBXFileReference section */
		283935DE2E44ABA3005BE09A /* JO.app */ = {isa = PBXFileReference; explicitFileType = wrapper.application; includeInIndex = 0; path = JO.app; sourceTree = BUILT_PRODUCTS_DIR; };
		283935EF2E44AC3A005BE09A /* Packages */ = {isa = PBXFileReference; lastKnownFileType = wrapper; path = Packages; sourceTree = "<group>"; };
/* End PBXFileReference section */

/* Begin PBXFileSystemSynchronizedRootGroup section */
		283935E02E44ABA3005BE09A /* JO */ = {
			isa = PBXFileSystemSynchronizedRootGroup;
			path = JO;
			sourceTree = "<group>";
		};
/* End PBXFileSystemSynchronizedRootGroup section */

/* Begin PBXFrameworksBuildPhase section */
		283935DB2E44ABA3005BE09A /* Frameworks */ = {
			isa = PBXFrameworksBuildPhase;
			buildActionMask = 2147483647;
			files = (
				283455342E4F3E3E00286D2C /* JKit in Frameworks */,
				28194FA02E5703F800BA974E /* JResources in Frameworks */,
				283937AB2E44B5DD005BE09A /* RswiftLibrary in Frameworks */,
				28194F9E2E5703EA00BA974E /* JUI in Frameworks */,
				28BDED9C2E55BAB7002D925C /* JNetwork in Frameworks */,
				28BDEDAF2E55C2E1002D925C /* Packages in Frameworks */,
			);
			runOnlyForDeploymentPostprocessing = 0;
		};
/* End PBXFrameworksBuildPhase section */

/* Begin PBXGroup section */
		283935D52E44ABA3005BE09A = {
			isa = PBXGroup;
			children = (
				283935E02E44ABA3005BE09A /* JO */,
				283935EF2E44AC3A005BE09A /* Packages */,
				283935DF2E44ABA3005BE09A /* Products */,
			);
			sourceTree = "<group>";
		};
		283935DF2E44ABA3005BE09A /* Products */ = {
			isa = PBXGroup;
			children = (
				283935DE2E44ABA3005BE09A /* JO.app */,
			);
			name = Products;
			sourceTree = "<group>";
		};
/* End PBXGroup section */

/* Begin PBXNativeTarget section */
		283935DD2E44ABA3005BE09A /* JO */ = {
			isa = PBXNativeTarget;
			buildConfigurationList = 283935EC2E44ABA5005BE09A /* Build configuration list for PBXNativeTarget "JO" */;
			buildPhases = (
				283935DA2E44ABA3005BE09A /* Sources */,
				283935DB2E44ABA3005BE09A /* Frameworks */,
				283935DC2E44ABA3005BE09A /* Resources */,
			);
			buildRules = (
			);
			dependencies = (
				283937AD2E44B5F9005BE09A /* PBXTargetDependency */,
			);
			fileSystemSynchronizedGroups = (
				283935E02E44ABA3005BE09A /* JO */,
			);
			name = JO;
			packageProductDependencies = (
				283937AA2E44B5DD005BE09A /* RswiftLibrary */,
				283455332E4F3E3E00286D2C /* JKit */,
				28BDED9B2E55BAB7002D925C /* JNetwork */,
				28BDEDAE2E55C2E1002D925C /* Packages */,
				28194F9D2E5703EA00BA974E /* JUI */,
				28194F9F2E5703F800BA974E /* JResources */,
			);
			productName = JO;
			productReference = 283935DE2E44ABA3005BE09A /* JO.app */;
			productType = "com.apple.product-type.application";
		};
/* End PBXNativeTarget section */

/* Begin PBXProject section */
		283935D62E44ABA3005BE09A /* Project object */ = {
			isa = PBXProject;
			attributes = {
				BuildIndependentTargetsInParallel = 1;
				LastSwiftUpdateCheck = 1620;
				LastUpgradeCheck = 1620;
				TargetAttributes = {
					283935DD2E44ABA3005BE09A = {
						CreatedOnToolsVersion = 16.2;
					};
				};
			};
			buildConfigurationList = 283935D92E44ABA3005BE09A /* Build configuration list for PBXProject "JO" */;
			developmentRegion = en;
			hasScannedForEncodings = 0;
			knownRegions = (
				en,
				Base,
			);
			mainGroup = 283935D52E44ABA3005BE09A;
			minimizedProjectReferenceProxies = 1;
			packageReferences = (
				283937A92E44B5DC005BE09A /* XCRemoteSwiftPackageReference "R" */,
			);
			preferredProjectObjectVersion = 77;
			productRefGroup = 283935DF2E44ABA3005BE09A /* Products */;
			projectDirPath = "";
			projectRoot = "";
			targets = (
				283935DD2E44ABA3005BE09A /* JO */,
			);
		};
/* End PBXProject section */

/* Begin PBXResourcesBuildPhase section */
		283935DC2E44ABA3005BE09A /* Resources */ = {
			isa = PBXResourcesBuildPhase;
			buildActionMask = 2147483647;
			files = (
			);
			runOnlyForDeploymentPostprocessing = 0;
		};
/* End PBXResourcesBuildPhase section */

/* Begin PBXSourcesBuildPhase section */
		283935DA2E44ABA3005BE09A /* Sources */ = {
			isa = PBXSourcesBuildPhase;
			buildActionMask = 2147483647;
			files = (
			);
			runOnlyForDeploymentPostprocessing = 0;
		};
/* End PBXSourcesBuildPhase section */

/* Begin PBXTargetDependency section */
		283937AD2E44B5F9005BE09A /* PBXTargetDependency */ = {
			isa = PBXTargetDependency;
			productRef = 283937AC2E44B5F9005BE09A /* RswiftGenerateInternalResources */;
		};
/* End PBXTargetDependency section */

/* Begin XCBuildConfiguration section */
		283935EA2E44ABA5005BE09A /* Debug */ = {
			isa = XCBuildConfiguration;
			buildSettings = {
				ALWAYS_SEARCH_USER_PATHS = NO;
				ASSETCATALOG_COMPILER_GENERATE_SWIFT_ASSET_SYMBOL_EXTENSIONS = YES;
				CLANG_ANALYZER_NONNULL = YES;
				CLANG_ANALYZER_NUMBER_OBJECT_CONVERSION = YES_AGGRESSIVE;
				CLANG_CXX_LANGUAGE_STANDARD = "gnu++20";
				CLANG_ENABLE_MODULES = YES;
				CLANG_ENABLE_OBJC_ARC = YES;
				CLANG_ENABLE_OBJC_WEAK = YES;
				CLANG_WARN_BLOCK_CAPTURE_AUTORELEASING = YES;
				CLANG_WARN_BOOL_CONVERSION = YES;
				CLANG_WARN_COMMA = YES;
				CLANG_WARN_CONSTANT_CONVERSION = YES;
				CLANG_WARN_DEPRECATED_OBJC_IMPLEMENTATIONS = YES;
				CLANG_WARN_DIRECT_OBJC_ISA_USAGE = YES_ERROR;
				CLANG_WARN_DOCUMENTATION_COMMENTS = YES;
				CLANG_WARN_EMPTY_BODY = YES;
				CLANG_WARN_ENUM_CONVERSION = YES;
				CLANG_WARN_INFINITE_RECURSION = YES;
				CLANG_WARN_INT_CONVERSION = YES;
				CLANG_WARN_NON_LITERAL_NULL_CONVERSION = YES;
				CLANG_WARN_OBJC_IMPLICIT_RETAIN_SELF = YES;
				CLANG_WARN_OBJC_LITERAL_CONVERSION = YES;
				CLANG_WARN_OBJC_ROOT_CLASS = YES_ERROR;
				CLANG_WARN_QUOTED_INCLUDE_IN_FRAMEWORK_HEADER = YES;
				CLANG_WARN_RANGE_LOOP_ANALYSIS = YES;
				CLANG_WARN_STRICT_PROTOTYPES = YES;
				CLANG_WARN_SUSPICIOUS_MOVE = YES;
				CLANG_WARN_UNGUARDED_AVAILABILITY = YES_AGGRESSIVE;
				CLANG_WARN_UNREACHABLE_CODE = YES;
				CLANG_WARN__DUPLICATE_METHOD_MATCH = YES;
				COPY_PHASE_STRIP = NO;
				DEBUG_INFORMATION_FORMAT = dwarf;
				ENABLE_STRICT_OBJC_MSGSEND = YES;
				ENABLE_TESTABILITY = YES;
				ENABLE_USER_SCRIPT_SANDBOXING = YES;
				GCC_C_LANGUAGE_STANDARD = gnu17;
				GCC_DYNAMIC_NO_PIC = NO;
				GCC_NO_COMMON_BLOCKS = YES;
				GCC_OPTIMIZATION_LEVEL = 0;
				GCC_PREPROCESSOR_DEFINITIONS = (
					"DEBUG=1",
					"$(inherited)",
				);
				GCC_WARN_64_TO_32_BIT_CONVERSION = YES;
				GCC_WARN_ABOUT_RETURN_TYPE = YES_ERROR;
				GCC_WARN_UNDECLARED_SELECTOR = YES;
				GCC_WARN_UNINITIALIZED_AUTOS = YES_AGGRESSIVE;
				GCC_WARN_UNUSED_FUNCTION = YES;
				GCC_WARN_UNUSED_VARIABLE = YES;
				IPHONEOS_DEPLOYMENT_TARGET = 18.2;
				LOCALIZATION_PREFERS_STRING_CATALOGS = YES;
				MTL_ENABLE_DEBUG_INFO = INCLUDE_SOURCE;
				MTL_FAST_MATH = YES;
				ONLY_ACTIVE_ARCH = YES;
				SDKROOT = iphoneos;
				SWIFT_ACTIVE_COMPILATION_CONDITIONS = "DEBUG $(inherited)";
				SWIFT_OPTIMIZATION_LEVEL = "-Onone";
			};
			name = Debug;
		};
		283935EB2E44ABA5005BE09A /* Release */ = {
			isa = XCBuildConfiguration;
			buildSettings = {
				ALWAYS_SEARCH_USER_PATHS = NO;
				ASSETCATALOG_COMPILER_GENERATE_SWIFT_ASSET_SYMBOL_EXTENSIONS = YES;
				CLANG_ANALYZER_NONNULL = YES;
				CLANG_ANALYZER_NUMBER_OBJECT_CONVERSION = YES_AGGRESSIVE;
				CLANG_CXX_LANGUAGE_STANDARD = "gnu++20";
				CLANG_ENABLE_MODULES = YES;
				CLANG_ENABLE_OBJC_ARC = YES;
				CLANG_ENABLE_OBJC_WEAK = YES;
				CLANG_WARN_BLOCK_CAPTURE_AUTORELEASING = YES;
				CLANG_WARN_BOOL_CONVERSION = YES;
				CLANG_WARN_COMMA = YES;
				CLANG_WARN_CONSTANT_CONVERSION = YES;
				CLANG_WARN_DEPRECATED_OBJC_IMPLEMENTATIONS = YES;
				CLANG_WARN_DIRECT_OBJC_ISA_USAGE = YES_ERROR;
				CLANG_WARN_DOCUMENTATION_COMMENTS = YES;
				CLANG_WARN_EMPTY_BODY = YES;
				CLANG_WARN_ENUM_CONVERSION = YES;
				CLANG_WARN_INFINITE_RECURSION = YES;
				CLANG_WARN_INT_CONVERSION = YES;
				CLANG_WARN_NON_LITERAL_NULL_CONVERSION = YES;
				CLANG_WARN_OBJC_IMPLICIT_RETAIN_SELF = YES;
				CLANG_WARN_OBJC_LITERAL_CONVERSION = YES;
				CLANG_WARN_OBJC_ROOT_CLASS = YES_ERROR;
				CLANG_WARN_QUOTED_INCLUDE_IN_FRAMEWORK_HEADER = YES;
				CLANG_WARN_RANGE_LOOP_ANALYSIS = YES;
				CLANG_WARN_STRICT_PROTOTYPES = YES;
				CLANG_WARN_SUSPICIOUS_MOVE = YES;
				CLANG_WARN_UNGUARDED_AVAILABILITY = YES_AGGRESSIVE;
				CLANG_WARN_UNREACHABLE_CODE = YES;
				CLANG_WARN__DUPLICATE_METHOD_MATCH = YES;
				COPY_PHASE_STRIP = NO;
				DEBUG_INFORMATION_FORMAT = "dwarf-with-dsym";
				ENABLE_NS_ASSERTIONS = NO;
				ENABLE_STRICT_OBJC_MSGSEND = YES;
				ENABLE_USER_SCRIPT_SANDBOXING = YES;
				GCC_C_LANGUAGE_STANDARD = gnu17;
				GCC_NO_COMMON_BLOCKS = YES;
				GCC_WARN_64_TO_32_BIT_CONVERSION = YES;
				GCC_WARN_ABOUT_RETURN_TYPE = YES_ERROR;
				GCC_WARN_UNDECLARED_SELECTOR = YES;
				GCC_WARN_UNINITIALIZED_AUTOS = YES_AGGRESSIVE;
				GCC_WARN_UNUSED_FUNCTION = YES;
				GCC_WARN_UNUSED_VARIABLE = YES;
				IPHONEOS_DEPLOYMENT_TARGET = 18.2;
				LOCALIZATION_PREFERS_STRING_CATALOGS = YES;
				MTL_ENABLE_DEBUG_INFO = NO;
				MTL_FAST_MATH = YES;
				SDKROOT = iphoneos;
				SWIFT_COMPILATION_MODE = wholemodule;
				VALIDATE_PRODUCT = YES;
			};
			name = Release;
		};
		283935ED2E44ABA5005BE09A /* Debug */ = {
			isa = XCBuildConfiguration;
			buildSettings = {
				ASSETCATALOG_COMPILER_APPICON_NAME = AppIcon;
				ASSETCATALOG_COMPILER_GLOBAL_ACCENT_COLOR_NAME = AccentColor;
				CODE_SIGN_IDENTITY = "Apple Development";
				CODE_SIGN_STYLE = Automatic;
				CURRENT_PROJECT_VERSION = 1;
				DEVELOPMENT_ASSET_PATHS = "\"JO/Preview Content\"";
				DEVELOPMENT_TEAM = T65EE75V48;
				ENABLE_PREVIEWS = YES;
				GENERATE_INFOPLIST_FILE = YES;
				INFOPLIST_KEY_UIApplicationSceneManifest_Generation = YES;
				INFOPLIST_KEY_UIApplicationSupportsIndirectInputEvents = YES;
				INFOPLIST_KEY_UILaunchScreen_Generation = YES;
				INFOPLIST_KEY_UISupportedInterfaceOrientations_iPad = "UIInterfaceOrientationPortrait UIInterfaceOrientationPortraitUpsideDown UIInterfaceOrientationLandscapeLeft UIInterfaceOrientationLandscapeRight";
				INFOPLIST_KEY_UISupportedInterfaceOrientations_iPhone = "UIInterfaceOrientationPortrait UIInterfaceOrientationLandscapeLeft UIInterfaceOrientationLandscapeRight";
				IPHONEOS_DEPLOYMENT_TARGET = 16;
				LD_RUNPATH_SEARCH_PATHS = (
					"$(inherited)",
					"@executable_path/Frameworks",
				);
				MARKETING_VERSION = 1.0;
				PRODUCT_BUNDLE_IDENTIFIER = creek.JO;
				PRODUCT_NAME = "$(TARGET_NAME)";
				PROVISIONING_PROFILE_SPECIFIER = "";
				SWIFT_EMIT_LOC_STRINGS = YES;
				SWIFT_VERSION = 6.0;
				TARGETED_DEVICE_FAMILY = "1,2";
			};
			name = Debug;
		};
		283935EE2E44ABA5005BE09A /* Release */ = {
			isa = XCBuildConfiguration;
			buildSettings = {
				ASSETCATALOG_COMPILER_APPICON_NAME = AppIcon;
				ASSETCATALOG_COMPILER_GLOBAL_ACCENT_COLOR_NAME = AccentColor;
				CODE_SIGN_IDENTITY = "Apple Development";
				CODE_SIGN_STYLE = Automatic;
				CURRENT_PROJECT_VERSION = 1;
				DEVELOPMENT_ASSET_PATHS = "\"JO/Preview Content\"";
				DEVELOPMENT_TEAM = T65EE75V48;
				ENABLE_PREVIEWS = YES;
				GENERATE_INFOPLIST_FILE = YES;
				INFOPLIST_KEY_UIApplicationSceneManifest_Generation = YES;
				INFOPLIST_KEY_UIApplicationSupportsIndirectInputEvents = YES;
				INFOPLIST_KEY_UILaunchScreen_Generation = YES;
				INFOPLIST_KEY_UISupportedInterfaceOrientations_iPad = "UIInterfaceOrientationPortrait UIInterfaceOrientationPortraitUpsideDown UIInterfaceOrientationLandscapeLeft UIInterfaceOrientationLandscapeRight";
				INFOPLIST_KEY_UISupportedInterfaceOrientations_iPhone = "UIInterfaceOrientationPortrait UIInterfaceOrientationLandscapeLeft UIInterfaceOrientationLandscapeRight";
				IPHONEOS_DEPLOYMENT_TARGET = 16;
				LD_RUNPATH_SEARCH_PATHS = (
					"$(inherited)",
					"@executable_path/Frameworks",
				);
				MARKETING_VERSION = 1.0;
				PRODUCT_BUNDLE_IDENTIFIER = creek.JO;
				PRODUCT_NAME = "$(TARGET_NAME)";
				PROVISIONING_PROFILE_SPECIFIER = "";
				SWIFT_EMIT_LOC_STRINGS = YES;
				SWIFT_VERSION = 6.0;
				TARGETED_DEVICE_FAMILY = "1,2";
			};
			name = Release;
		};
/* End XCBuildConfiguration section */

/* Begin XCConfigurationList section */
		283935D92E44ABA3005BE09A /* Build configuration list for PBXProject "JO" */ = {
			isa = XCConfigurationList;
			buildConfigurations = (
				283935EA2E44ABA5005BE09A /* Debug */,
				283935EB2E44ABA5005BE09A /* Release */,
			);
			defaultConfigurationIsVisible = 0;
			defaultConfigurationName = Release;
		};
		283935EC2E44ABA5005BE09A /* Build configuration list for PBXNativeTarget "JO" */ = {
			isa = XCConfigurationList;
			buildConfigurations = (
				283935ED2E44ABA5005BE09A /* Debug */,
				283935EE2E44ABA5005BE09A /* Release */,
			);
			defaultConfigurationIsVisible = 0;
			defaultConfigurationName = Release;
		};
/* End XCConfigurationList section */

/* Begin XCRemoteSwiftPackageReference section */
		283937A92E44B5DC005BE09A /* XCRemoteSwiftPackageReference "R" */ = {
			isa = XCRemoteSwiftPackageReference;
			repositoryURL = "https://github.com/mac-cain13/R.swift";
			requirement = {
				kind = upToNextMajorVersion;
				minimumVersion = 7.8.0;
			};
		};
/* End XCRemoteSwiftPackageReference section */

/* Begin XCSwiftPackageProductDependency section */
		28194F9D2E5703EA00BA974E /* JUI */ = {
			isa = XCSwiftPackageProductDependency;
			productName = JUI;
		};
		28194F9F2E5703F800BA974E /* JResources */ = {
			isa = XCSwiftPackageProductDependency;
			productName = JResources;
		};
		283455332E4F3E3E00286D2C /* JKit */ = {
			isa = XCSwiftPackageProductDependency;
			productName = JKit;
		};
		283937AA2E44B5DD005BE09A /* RswiftLibrary */ = {
			isa = XCSwiftPackageProductDependency;
			package = 283937A92E44B5DC005BE09A /* XCRemoteSwiftPackageReference "R" */;
			productName = RswiftLibrary;
		};
		283937AC2E44B5F9005BE09A /* RswiftGenerateInternalResources */ = {
			isa = XCSwiftPackageProductDependency;
			package = 283937A92E44B5DC005BE09A /* XCRemoteSwiftPackageReference "R" */;
			productName = "plugin:RswiftGenerateInternalResources";
		};
		28BDED9B2E55BAB7002D925C /* JNetwork */ = {
			isa = XCSwiftPackageProductDependency;
			productName = JNetwork;
		};
		28BDEDAE2E55C2E1002D925C /* Packages */ = {
			isa = XCSwiftPackageProductDependency;
			productName = Packages;
		};
/* End XCSwiftPackageProductDependency section */
	};
	rootObject = 283935D62E44ABA3005BE09A /* Project object */;
}
